{
  "name": "map-set",
  "version": "1.0.0",
  "lockfileVersion": 3,
  "requires": true,
  "packages": {
    "": {
      "name": "map-set",
      "version": "1.0.0",
      "license": "ISC",
      "dependencies": {
        "prettier": "^2.8.8"
      },
      "devDependencies": {
        "@faker-js/faker": "^8.0.1"
      }
    },
    "node_modules/@faker-js/faker": {
      "version": "8.0.1",
      "resolved": "https://registry.npmjs.org/@faker-js/faker/-/faker-8.0.1.tgz",
      "integrity": "sha512-kbh5MenpTN9U0B4QcOI1NoTPlZHniSYQ3BHbhAnPjJGAmmFqxoxTE4sGdpy7ZOO9038DPGCuhXyMkjOr05uVwA==",
      "dev": true,
      "funding": [
        {
          "type": "opencollective",
          "url": "https://opencollective.com/fakerjs"
        }
      ],
      "engines": {
        "node": "^14.17.0 || ^16.13.0 || >=18.0.0",
        "npm": ">=6.14.13"
      }
    },
    "node_modules/prettier": {
      "version": "2.8.8",
      "resolved": "https://registry.npmjs.org/prettier/-/prettier-2.8.8.tgz",
      "integrity": "sha512-tdN8qQGvNjw4CHbY+XXk0JgCXn9QiF21a55rBe5LJAU+kDyC4WQn4+awm2Xfk2lQMk5fKup9XgzTZtGkjBdP9Q==",
      "bin": {
        "prettier": "bin-prettier.js"
      },
      "engines": {
        "node": ">=10.13.0"
      },
      "funding": {
        "url": "https://github.com/prettier/prettier?sponsor=1"
      }
    }
  }
}
